
Microsoft Visual Studio Solution File, Format Version 12.00
# Visual Studio Version 16
VisualStudioVersion = 16.0.29509.3
MinimumVisualStudioVersion = 10.0.40219.1
Project("{2150E333-8FDC-42A3-9474-1A3956D46DE8}") = "src", "src", "{6B8453A1-173E-4D0A-95AA-BD790BDA236D}"
EndProject
Project("{2150E333-8FDC-42A3-9474-1A3956D46DE8}") = "Solution Items", "Solution Items", "{F8CAF700-126F-4111-8492-C6B0F1F6F14A}"
	ProjectSection(SolutionItems) = preProject
		blu.bat = blu.bat
	EndProjectSection
EndProject
Project("{9A19103F-16F7-4668-BE54-9A1E7A4F7556}") = "blu", "src\blu\blu.csproj", "{918A7F1B-0A79-4692-8B19-2F4393F491CC}"
EndProject
Project("{9A19103F-16F7-4668-BE54-9A1E7A4F7556}") = "blu.Common", "src\blu.Common\blu.Common.csproj", "{FFC0544B-A9B3-488E-8472-E8828666B86A}"
EndProject
Project("{9A19103F-16F7-4668-BE54-9A1E7A4F7556}") = "blu.Sources.ArchiveOrg", "src\blu.Sources.ArchiveOrg\blu.Sources.ArchiveOrg.csproj", "{6FFF0027-A71C-40FF-BD16-78352EE83474}"
EndProject
Project("{9A19103F-16F7-4668-BE54-9A1E7A4F7556}") = "blu.Sources.Clevnet", "src\blu.Sources.Clevnet\blu.Sources.Clevnet.csproj", "{6B66E176-AFD3-413F-A3CB-8BA8AD5D3A99}"
EndProject
Project("{9A19103F-16F7-4668-BE54-9A1E7A4F7556}") = "blu.Sources.GeaugaCountyPublicLibrary", "src\blu.Sources.GeaugaCountyPublicLibrary\blu.Sources.GeaugaCountyPublicLibrary.csproj", "{2A1BAC31-4E08-4A04-8692-DCD538614E14}"
EndProject
Project("{9A19103F-16F7-4668-BE54-9A1E7A4F7556}") = "blu.Sources.Gutenberg", "src\blu.Sources.Gutenberg\blu.Sources.Gutenberg.csproj", "{99A028D6-4DB9-4C7E-B38A-C85711109437}"
EndProject
Project("{9A19103F-16F7-4668-BE54-9A1E7A4F7556}") = "blu.Sources.Hoopla", "src\blu.Sources.Hoopla\blu.Sources.Hoopla.csproj", "{A41E737B-8801-4CB4-8D27-BB0C138F8F39}"
EndProject
Project("{9A19103F-16F7-4668-BE54-9A1E7A4F7556}") = "blu.Sources.HarrisCountyPublicLibrary", "src\blu.Sources.HarrisCountyPublicLibrary\blu.Sources.HarrisCountyPublicLibrary.csproj", "{FFAB42EE-0AF6-4E22-863C-4E88C901891F}"
EndProject
Project("{9A19103F-16F7-4668-BE54-9A1E7A4F7556}") = "blu.Sources.Librivox", "src\blu.Sources.Librivox\blu.Sources.Librivox.csproj", "{5E8462E4-FFF4-4DF4-AD91-48E029964AEF}"
EndProject
Project("{9A19103F-16F7-4668-BE54-9A1E7A4F7556}") = "blu.Sources.OhioDigitalLibrary", "src\blu.Sources.OhioDigitalLibrary\blu.Sources.OhioDigitalLibrary.csproj", "{D6CD05CD-0F6E-4A80-B0DB-3C0494019ED0}"
EndProject
Global
	GlobalSection(SolutionConfigurationPlatforms) = preSolution
		Debug|Any CPU = Debug|Any CPU
		Release|Any CPU = Release|Any CPU
	EndGlobalSection
	GlobalSection(ProjectConfigurationPlatforms) = postSolution
		{918A7F1B-0A79-4692-8B19-2F4393F491CC}.Debug|Any CPU.ActiveCfg = Debug|Any CPU
		{918A7F1B-0A79-4692-8B19-2F4393F491CC}.Debug|Any CPU.Build.0 = Debug|Any CPU
		{918A7F1B-0A79-4692-8B19-2F4393F491CC}.Release|Any CPU.ActiveCfg = Release|Any CPU
		{918A7F1B-0A79-4692-8B19-2F4393F491CC}.Release|Any CPU.Build.0 = Release|Any CPU
		{FFC0544B-A9B3-488E-8472-E8828666B86A}.Debug|Any CPU.ActiveCfg = Debug|Any CPU
		{FFC0544B-A9B3-488E-8472-E8828666B86A}.Debug|Any CPU.Build.0 = Debug|Any CPU
		{FFC0544B-A9B3-488E-8472-E8828666B86A}.Release|Any CPU.ActiveCfg = Release|Any CPU
		{FFC0544B-A9B3-488E-8472-E8828666B86A}.Release|Any CPU.Build.0 = Release|Any CPU
		{6FFF0027-A71C-40FF-BD16-78352EE83474}.Debug|Any CPU.ActiveCfg = Debug|Any CPU
		{6FFF0027-A71C-40FF-BD16-78352EE83474}.Debug|Any CPU.Build.0 = Debug|Any CPU
		{6FFF0027-A71C-40FF-BD16-78352EE83474}.Release|Any CPU.ActiveCfg = Release|Any CPU
		{6FFF0027-A71C-40FF-BD16-78352EE83474}.Release|Any CPU.Build.0 = Release|Any CPU
		{6B66E176-AFD3-413F-A3CB-8BA8AD5D3A99}.Debug|Any CPU.ActiveCfg = Debug|Any CPU
		{6B66E176-AFD3-413F-A3CB-8BA8AD5D3A99}.Debug|Any CPU.Build.0 = Debug|Any CPU
		{6B66E176-AFD3-413F-A3CB-8BA8AD5D3A99}.Release|Any CPU.ActiveCfg = Release|Any CPU
		{6B66E176-AFD3-413F-A3CB-8BA8AD5D3A99}.Release|Any CPU.Build.0 = Release|Any CPU
		{2A1BAC31-4E08-4A04-8692-DCD538614E14}.Debug|Any CPU.ActiveCfg = Debug|Any CPU
		{2A1BAC31-4E08-4A04-8692-DCD538614E14}.Debug|Any CPU.Build.0 = Debug|Any CPU
		{2A1BAC31-4E08-4A04-8692-DCD538614E14}.Release|Any CPU.ActiveCfg = Release|Any CPU
		{2A1BAC31-4E08-4A04-8692-DCD538614E14}.Release|Any CPU.Build.0 = Release|Any CPU
		{99A028D6-4DB9-4C7E-B38A-C85711109437}.Debug|Any CPU.ActiveCfg = Debug|Any CPU
		{99A028D6-4DB9-4C7E-B38A-C85711109437}.Debug|Any CPU.Build.0 = Debug|Any CPU
		{99A028D6-4DB9-4C7E-B38A-C85711109437}.Release|Any CPU.ActiveCfg = Release|Any CPU
		{99A028D6-4DB9-4C7E-B38A-C85711109437}.Release|Any CPU.Build.0 = Release|Any CPU
		{A41E737B-8801-4CB4-8D27-BB0C138F8F39}.Debug|Any CPU.ActiveCfg = Debug|Any CPU
		{A41E737B-8801-4CB4-8D27-BB0C138F8F39}.Debug|Any CPU.Build.0 = Debug|Any CPU
		{A41E737B-8801-4CB4-8D27-BB0C138F8F39}.Release|Any CPU.ActiveCfg = Release|Any CPU
		{A41E737B-8801-4CB4-8D27-BB0C138F8F39}.Release|Any CPU.Build.0 = Release|Any CPU
		{FFAB42EE-0AF6-4E22-863C-4E88C901891F}.Debug|Any CPU.ActiveCfg = Debug|Any CPU
		{FFAB42EE-0AF6-4E22-863C-4E88C901891F}.Debug|Any CPU.Build.0 = Debug|Any CPU
		{FFAB42EE-0AF6-4E22-863C-4E88C901891F}.Release|Any CPU.ActiveCfg = Release|Any CPU
		{FFAB42EE-0AF6-4E22-863C-4E88C901891F}.Release|Any CPU.Build.0 = Release|Any CPU
		{5E8462E4-FFF4-4DF4-AD91-48E029964AEF}.Debug|Any CPU.ActiveCfg = Debug|Any CPU
		{5E8462E4-FFF4-4DF4-AD91-48E029964AEF}.Debug|Any CPU.Build.0 = Debug|Any CPU
		{5E8462E4-FFF4-4DF4-AD91-48E029964AEF}.Release|Any CPU.ActiveCfg = Release|Any CPU
		{5E8462E4-FFF4-4DF4-AD91-48E029964AEF}.Release|Any CPU.Build.0 = Release|Any CPU
		{D6CD05CD-0F6E-4A80-B0DB-3C0494019ED0}.Debug|Any CPU.ActiveCfg = Debug|Any CPU
		{D6CD05CD-0F6E-4A80-B0DB-3C0494019ED0}.Debug|Any CPU.Build.0 = Debug|Any CPU
		{D6CD05CD-0F6E-4A80-B0DB-3C0494019ED0}.Release|Any CPU.ActiveCfg = Release|Any CPU
		{D6CD05CD-0F6E-4A80-B0DB-3C0494019ED0}.Release|Any CPU.Build.0 = Release|Any CPU
	EndGlobalSection
	GlobalSection(SolutionProperties) = preSolution
		HideSolutionNode = FALSE
	EndGlobalSection
	GlobalSection(NestedProjects) = preSolution
		{918A7F1B-0A79-4692-8B19-2F4393F491CC} = {6B8453A1-173E-4D0A-95AA-BD790BDA236D}
		{FFC0544B-A9B3-488E-8472-E8828666B86A} = {6B8453A1-173E-4D0A-95AA-BD790BDA236D}
		{6FFF0027-A71C-40FF-BD16-78352EE83474} = {6B8453A1-173E-4D0A-95AA-BD790BDA236D}
		{6B66E176-AFD3-413F-A3CB-8BA8AD5D3A99} = {6B8453A1-173E-4D0A-95AA-BD790BDA236D}
		{2A1BAC31-4E08-4A04-8692-DCD538614E14} = {6B8453A1-173E-4D0A-95AA-BD790BDA236D}
		{99A028D6-4DB9-4C7E-B38A-C85711109437} = {6B8453A1-173E-4D0A-95AA-BD790BDA236D}
		{A41E737B-8801-4CB4-8D27-BB0C138F8F39} = {6B8453A1-173E-4D0A-95AA-BD790BDA236D}
		{FFAB42EE-0AF6-4E22-863C-4E88C901891F} = {6B8453A1-173E-4D0A-95AA-BD790BDA236D}
		{5E8462E4-FFF4-4DF4-AD91-48E029964AEF} = {6B8453A1-173E-4D0A-95AA-BD790BDA236D}
		{D6CD05CD-0F6E-4A80-B0DB-3C0494019ED0} = {6B8453A1-173E-4D0A-95AA-BD790BDA236D}
	EndGlobalSection
	GlobalSection(ExtensibilityGlobals) = postSolution
		SolutionGuid = {4D3279A7-C2B7-477B-9955-1B96989920A3}
	EndGlobalSection
EndGlobal
